
Microsoft Visual Studio Solution File, Format Version 12.00
# Visual Studio 2012
Project("{FAE04EC0-301F-11D3-BF4B-00C04F79EFBC}") = "YammerForOfficeWeb", "YammerForOffice\YammerForOfficeWeb.csproj", "{1EC8E4DB-1D8C-401F-89FD-3293911DCFE5}"
EndProject
Project("{FAE04EC0-301F-11D3-BF4B-00C04F79EFBC}") = "OfficeApp", "YammerForOffice\OfficeApp\OfficeApp.csproj", "{694244E9-519B-4086-8572-3CE2FBD25C28}"
EndProject
Global
	GlobalSection(SolutionConfigurationPlatforms) = preSolution
		Debug|Any CPU = Debug|Any CPU
		Release|Any CPU = Release|Any CPU
	EndGlobalSection
	GlobalSection(ProjectConfigurationPlatforms) = postSolution
		{1EC8E4DB-1D8C-401F-89FD-3293911DCFE5}.Debug|Any CPU.ActiveCfg = Debug|Any CPU
		{1EC8E4DB-1D8C-401F-89FD-3293911DCFE5}.Debug|Any CPU.Build.0 = Debug|Any CPU
		{1EC8E4DB-1D8C-401F-89FD-3293911DCFE5}.Release|Any CPU.ActiveCfg = Release|Any CPU
		{1EC8E4DB-1D8C-401F-89FD-3293911DCFE5}.Release|Any CPU.Build.0 = Release|Any CPU
		{694244E9-519B-4086-8572-3CE2FBD25C28}.Debug|Any CPU.ActiveCfg = Debug|Any CPU
		{694244E9-519B-4086-8572-3CE2FBD25C28}.Debug|Any CPU.Build.0 = Debug|Any CPU
		{694244E9-519B-4086-8572-3CE2FBD25C28}.Debug|Any CPU.Deploy.0 = Debug|Any CPU
		{694244E9-519B-4086-8572-3CE2FBD25C28}.Release|Any CPU.ActiveCfg = Release|Any CPU
		{694244E9-519B-4086-8572-3CE2FBD25C28}.Release|Any CPU.Build.0 = Release|Any CPU
		{694244E9-519B-4086-8572-3CE2FBD25C28}.Release|Any CPU.Deploy.0 = Release|Any CPU
	EndGlobalSection
	GlobalSection(SolutionProperties) = preSolution
		HideSolutionNode = FALSE
	EndGlobalSection
EndGlobal
